
Microsoft Visual Studio Solution File, Format Version 12.00
Project("{2150E333-8FDC-42A3-9474-1A3956D46DE8}") = "src", "src", "{72C892C9-D05E-47B8-A2BF-6FF360A9762B}"
EndProject
Project("{FAE04EC0-301F-11D3-BF4B-00C04F79EFBC}") = "Wooff.ECS", "src\Wooff.ECS\Wooff.ECS.csproj", "{0F09DDCA-5598-4B7E-93A9-55D3304A7FF4}"
EndProject
Project("{FAE04EC0-301F-11D3-BF4B-00C04F79EFBC}") = "Wooff.Examples", "src\Wooff.Examples\Wooff.Examples.csproj", "{8B9E544A-3243-4AF0-807A-460C400315C7}"
EndProject
Global
	GlobalSection(SolutionConfigurationPlatforms) = preSolution
		Debug|Any CPU = Debug|Any CPU
		Release|Any CPU = Release|Any CPU
	EndGlobalSection
	GlobalSection(NestedProjects) = preSolution
		{0F09DDCA-5598-4B7E-93A9-55D3304A7FF4} = {72C892C9-D05E-47B8-A2BF-6FF360A9762B}
		{8B9E544A-3243-4AF0-807A-460C400315C7} = {72C892C9-D05E-47B8-A2BF-6FF360A9762B}
	EndGlobalSection
	GlobalSection(ProjectConfigurationPlatforms) = postSolution
		{0F09DDCA-5598-4B7E-93A9-55D3304A7FF4}.Debug|Any CPU.ActiveCfg = Debug|Any CPU
		{0F09DDCA-5598-4B7E-93A9-55D3304A7FF4}.Debug|Any CPU.Build.0 = Debug|Any CPU
		{0F09DDCA-5598-4B7E-93A9-55D3304A7FF4}.Release|Any CPU.ActiveCfg = Release|Any CPU
		{0F09DDCA-5598-4B7E-93A9-55D3304A7FF4}.Release|Any CPU.Build.0 = Release|Any CPU
		{8B9E544A-3243-4AF0-807A-460C400315C7}.Debug|Any CPU.ActiveCfg = Debug|Any CPU
		{8B9E544A-3243-4AF0-807A-460C400315C7}.Debug|Any CPU.Build.0 = Debug|Any CPU
		{8B9E544A-3243-4AF0-807A-460C400315C7}.Release|Any CPU.ActiveCfg = Release|Any CPU
		{8B9E544A-3243-4AF0-807A-460C400315C7}.Release|Any CPU.Build.0 = Release|Any CPU
	EndGlobalSection
EndGlobal
